// !$*UTF8*$!
{
	archiveVersion = 1;
	classes = {
	};
	objectVersion = 56;
	objects = {

/* Begin PBXBuildFile section */
		1E902D5C29112240007254B4 /* AppDelegate.swift in Sources */ = {isa = PBXBuildFile; fileRef = 1E902D5B29112240007254B4 /* AppDelegate.swift */; };
		1E902D5E29112240007254B4 /* SceneDelegate.swift in Sources */ = {isa = PBXBuildFile; fileRef = 1E902D5D29112240007254B4 /* SceneDelegate.swift */; };
		1E902D6029112240007254B4 /* MainVC.swift in Sources */ = {isa = PBXBuildFile; fileRef = 1E902D5F29112240007254B4 /* MainVC.swift */; };
		1E902D6329112240007254B4 /* Main.storyboard in Resources */ = {isa = PBXBuildFile; fileRef = 1E902D6129112240007254B4 /* Main.storyboard */; };
		1E902D6529112241007254B4 /* Assets.xcassets in Resources */ = {isa = PBXBuildFile; fileRef = 1E902D6429112241007254B4 /* Assets.xcassets */; };
		1E902D6829112241007254B4 /* LaunchScreen.storyboard in Resources */ = {isa = PBXBuildFile; fileRef = 1E902D6629112241007254B4 /* LaunchScreen.storyboard */; };
		1ED824E429142C37002D9183 /* styleTransfer.swift in Sources */ = {isa = PBXBuildFile; fileRef = 1ED824E329142C37002D9183 /* styleTransfer.swift */; };
		1ED824E629144122002D9183 /* dish.swift in Sources */ = {isa = PBXBuildFile; fileRef = 1ED824E529144122002D9183 /* dish.swift */; };
		F34C682F292568BD0035C064 /* camareaVC.swift in Sources */ = {isa = PBXBuildFile; fileRef = F34C682E292568BD0035C064 /* camareaVC.swift */; };
		F34C683129256BC70035C064 /* openDishCameraVC.swift in Sources */ = {isa = PBXBuildFile; fileRef = F34C683029256BC70035C064 /* openDishCameraVC.swift */; };
		F36EEEAE2949C213002894FF /* finishTableVC.swift in Sources */ = {isa = PBXBuildFile; fileRef = F36EEEAD2949C213002894FF /* finishTableVC.swift */; };
		F36EEECC2949F2D7002894FF /* tableFile.swift in Sources */ = {isa = PBXBuildFile; fileRef = F36EEECB2949F2D7002894FF /* tableFile.swift */; };
		F36EEECF294A27F9002894FF /* table_SwiftUIView.swift in Sources */ = {isa = PBXBuildFile; fileRef = F36EEECE294A27F9002894FF /* table_SwiftUIView.swift */; };
		F36EEED3294A52A4002894FF /* table2VC.swift in Sources */ = {isa = PBXBuildFile; fileRef = F36EEED2294A52A4002894FF /* table2VC.swift */; };
		F3979A8B295C89250062BB0B /* SwiftUISearchBar.swift in Sources */ = {isa = PBXBuildFile; fileRef = F3979A8A295C89250062BB0B /* SwiftUISearchBar.swift */; };
		F3979A8D295C89770062BB0B /* SimpleDataOfSearchBar.swift in Sources */ = {isa = PBXBuildFile; fileRef = F3979A8C295C89770062BB0B /* SimpleDataOfSearchBar.swift */; };
		F3A5624429545F5B00809305 /* ImageViewVC.swift in Sources */ = {isa = PBXBuildFile; fileRef = F3A5624329545F5B00809305 /* ImageViewVC.swift */; };
		F3CECD25292E1B4800D62149 /* tableVC.swift in Sources */ = {isa = PBXBuildFile; fileRef = F3CECD24292E1B4800D62149 /* tableVC.swift */; };
/* End PBXBuildFile section */

/* Begin PBXFileReference section */
		1E902D5829112240007254B4 /* test.app */ = {isa = PBXFileReference; explicitFileType = wrapper.application; includeInIndex = 0; path = test.app; sourceTree = BUILT_PRODUCTS_DIR; };
		1E902D5B29112240007254B4 /* AppDelegate.swift */ = {isa = PBXFileReference; lastKnownFileType = sourcecode.swift; path = AppDelegate.swift; sourceTree = "<group>"; };
		1E902D5D29112240007254B4 /* SceneDelegate.swift */ = {isa = PBXFileReference; lastKnownFileType = sourcecode.swift; path = SceneDelegate.swift; sourceTree = "<group>"; };
		1E902D5F29112240007254B4 /* MainVC.swift */ = {isa = PBXFileReference; lastKnownFileType = sourcecode.swift; path = MainVC.swift; sourceTree = "<group>"; };
		1E902D6229112240007254B4 /* Base */ = {isa = PBXFileReference; lastKnownFileType = file.storyboard; name = Base; path = Base.lproj/Main.storyboard; sourceTree = "<group>"; };
		1E902D6429112241007254B4 /* Assets.xcassets */ = {isa = PBXFileReference; lastKnownFileType = folder.assetcatalog; path = Assets.xcassets; sourceTree = "<group>"; };
		1E902D6729112241007254B4 /* Base */ = {isa = PBXFileReference; lastKnownFileType = file.storyboard; name = Base; path = Base.lproj/LaunchScreen.storyboard; sourceTree = "<group>"; };
		1E902D6929112241007254B4 /* Info.plist */ = {isa = PBXFileReference; lastKnownFileType = text.plist.xml; path = Info.plist; sourceTree = "<group>"; };
		1ED824E329142C37002D9183 /* styleTransfer.swift */ = {isa = PBXFileReference; lastKnownFileType = sourcecode.swift; path = styleTransfer.swift; sourceTree = "<group>"; };
		1ED824E529144122002D9183 /* dish.swift */ = {isa = PBXFileReference; lastKnownFileType = sourcecode.swift; path = dish.swift; sourceTree = "<group>"; };
		F34C682E292568BD0035C064 /* camareaVC.swift */ = {isa = PBXFileReference; lastKnownFileType = sourcecode.swift; path = camareaVC.swift; sourceTree = "<group>"; };
		F34C683029256BC70035C064 /* openDishCameraVC.swift */ = {isa = PBXFileReference; lastKnownFileType = sourcecode.swift; path = openDishCameraVC.swift; sourceTree = "<group>"; };
		F36EEEAD2949C213002894FF /* finishTableVC.swift */ = {isa = PBXFileReference; lastKnownFileType = sourcecode.swift; path = finishTableVC.swift; sourceTree = "<group>"; };
		F36EEECB2949F2D7002894FF /* tableFile.swift */ = {isa = PBXFileReference; lastKnownFileType = sourcecode.swift; path = tableFile.swift; sourceTree = "<group>"; };
		F36EEECE294A27F9002894FF /* table_SwiftUIView.swift */ = {isa = PBXFileReference; lastKnownFileType = sourcecode.swift; path = table_SwiftUIView.swift; sourceTree = "<group>"; };
		F36EEED2294A52A4002894FF /* table2VC.swift */ = {isa = PBXFileReference; lastKnownFileType = sourcecode.swift; path = table2VC.swift; sourceTree = "<group>"; };
		F3979A8A295C89250062BB0B /* SwiftUISearchBar.swift */ = {isa = PBXFileReference; lastKnownFileType = sourcecode.swift; path = SwiftUISearchBar.swift; sourceTree = "<group>"; };
		F3979A8C295C89770062BB0B /* SimpleDataOfSearchBar.swift */ = {isa = PBXFileReference; lastKnownFileType = sourcecode.swift; path = SimpleDataOfSearchBar.swift; sourceTree = "<group>"; };
		F3979A8E295C9A360062BB0B /* zh-Hant */ = {isa = PBXFileReference; lastKnownFileType = text.plist.strings; name = "zh-Hant"; path = "zh-Hant.lproj/Main.strings"; sourceTree = "<group>"; };
		F3979A8F295C9A360062BB0B /* zh-Hant */ = {isa = PBXFileReference; lastKnownFileType = text.plist.strings; name = "zh-Hant"; path = "zh-Hant.lproj/LaunchScreen.strings"; sourceTree = "<group>"; };
		F3A5624329545F5B00809305 /* ImageViewVC.swift */ = {isa = PBXFileReference; lastKnownFileType = sourcecode.swift; path = ImageViewVC.swift; sourceTree = "<group>"; };
		F3CECD24292E1B4800D62149 /* tableVC.swift */ = {isa = PBXFileReference; lastKnownFileType = sourcecode.swift; path = tableVC.swift; sourceTree = "<group>"; };
/* End PBXFileReference section */

/* Begin PBXFrameworksBuildPhase section */
		1E902D5529112240007254B4 /* Frameworks */ = {
			isa = PBXFrameworksBuildPhase;
			buildActionMask = 2147483647;
			files = (
			);
			runOnlyForDeploymentPostprocessing = 0;
		};
/* End PBXFrameworksBuildPhase section */

/* Begin PBXGroup section */
		1E902D4F29112240007254B4 = {
			isa = PBXGroup;
			children = (
				1E902D5A29112240007254B4 /* test */,
				1E902D5929112240007254B4 /* Products */,
			);
			sourceTree = "<group>";
		};
		1E902D5929112240007254B4 /* Products */ = {
			isa = PBXGroup;
			children = (
				1E902D5829112240007254B4 /* test.app */,
			);
			name = Products;
			sourceTree = "<group>";
		};
		1E902D5A29112240007254B4 /* test */ = {
			isa = PBXGroup;
			children = (
				F36EEECD294A23FD002894FF /* view */,
				1E902D5B29112240007254B4 /* AppDelegate.swift */,
				F3CECD24292E1B4800D62149 /* tableVC.swift */,
				1E902D5D29112240007254B4 /* SceneDelegate.swift */,
				1E902D5F29112240007254B4 /* MainVC.swift */,
				1E902D6129112240007254B4 /* Main.storyboard */,
				F36EEED2294A52A4002894FF /* table2VC.swift */,
				F34C683029256BC70035C064 /* openDishCameraVC.swift */,
				F34C682E292568BD0035C064 /* camareaVC.swift */,
				1ED824E529144122002D9183 /* dish.swift */,
				1ED824E329142C37002D9183 /* styleTransfer.swift */,
				F36EEEAD2949C213002894FF /* finishTableVC.swift */,
				1E902D6429112241007254B4 /* Assets.xcassets */,
				1E902D6629112241007254B4 /* LaunchScreen.storyboard */,
				1E902D6929112241007254B4 /* Info.plist */,
			);
			path = test;
			sourceTree = "<group>";
		};
		F36EEECD294A23FD002894FF /* view */ = {
			isa = PBXGroup;
			children = (
				F3979A8A295C89250062BB0B /* SwiftUISearchBar.swift */,
				F3979A8C295C89770062BB0B /* SimpleDataOfSearchBar.swift */,
				F36EEECE294A27F9002894FF /* table_SwiftUIView.swift */,
				F36EEECB2949F2D7002894FF /* tableFile.swift */,
				F3A5624329545F5B00809305 /* ImageViewVC.swift */,
			);
			name = view;
			path = ..;
			sourceTree = "<group>";
		};
/* End PBXGroup section */

/* Begin PBXNativeTarget section */
		1E902D5729112240007254B4 /* test */ = {
			isa = PBXNativeTarget;
			buildConfigurationList = 1E902D6C29112241007254B4 /* Build configuration list for PBXNativeTarget "test" */;
			buildPhases = (
				1E902D5429112240007254B4 /* Sources */,
				1E902D5529112240007254B4 /* Frameworks */,
				1E902D5629112240007254B4 /* Resources */,
			);
			buildRules = (
			);
			dependencies = (
			);
			name = test;
			productName = test;
			productReference = 1E902D5829112240007254B4 /* test.app */;
			productType = "com.apple.product-type.application";
		};
/* End PBXNativeTarget section */

/* Begin PBXProject section */
		1E902D5029112240007254B4 /* Project object */ = {
			isa = PBXProject;
			attributes = {
				BuildIndependentTargetsInParallel = 1;
				LastSwiftUpdateCheck = 1400;
				LastUpgradeCheck = 1400;
				TargetAttributes = {
					1E902D5729112240007254B4 = {
						CreatedOnToolsVersion = 14.0.1;
					};
				};
			};
			buildConfigurationList = 1E902D5329112240007254B4 /* Build configuration list for PBXProject "test" */;
			compatibilityVersion = "Xcode 14.0";
			developmentRegion = en;
			hasScannedForEncodings = 0;
			knownRegions = (
				en,
				Base,
				"zh-Hant",
			);
			mainGroup = 1E902D4F29112240007254B4;
			productRefGroup = 1E902D5929112240007254B4 /* Products */;
			projectDirPath = "";
			projectRoot = "";
			targets = (
				1E902D5729112240007254B4 /* test */,
			);
		};
/* End PBXProject section */

/* Begin PBXResourcesBuildPhase section */
		1E902D5629112240007254B4 /* Resources */ = {
			isa = PBXResourcesBuildPhase;
			buildActionMask = 2147483647;
			files = (
				1E902D6829112241007254B4 /* LaunchScreen.storyboard in Resources */,
				1E902D6529112241007254B4 /* Assets.xcassets in Resources */,
				1E902D6329112240007254B4 /* Main.storyboard in Resources */,
			);
			runOnlyForDeploymentPostprocessing = 0;
		};
/* End PBXResourcesBuildPhase section */

/* Begin PBXSourcesBuildPhase section */
		1E902D5429112240007254B4 /* Sources */ = {
			isa = PBXSourcesBuildPhase;
			buildActionMask = 2147483647;
			files = (
				F3979A8D295C89770062BB0B /* SimpleDataOfSearchBar.swift in Sources */,
				F36EEED3294A52A4002894FF /* table2VC.swift in Sources */,
				1ED824E429142C37002D9183 /* styleTransfer.swift in Sources */,
				F3CECD25292E1B4800D62149 /* tableVC.swift in Sources */,
				1E902D6029112240007254B4 /* MainVC.swift in Sources */,
				F3A5624429545F5B00809305 /* ImageViewVC.swift in Sources */,
				F36EEECC2949F2D7002894FF /* tableFile.swift in Sources */,
				F34C683129256BC70035C064 /* openDishCameraVC.swift in Sources */,
				1ED824E629144122002D9183 /* dish.swift in Sources */,
				F36EEECF294A27F9002894FF /* table_SwiftUIView.swift in Sources */,
				1E902D5C29112240007254B4 /* AppDelegate.swift in Sources */,
				1E902D5E29112240007254B4 /* SceneDelegate.swift in Sources */,
				F36EEEAE2949C213002894FF /* finishTableVC.swift in Sources */,
				F34C682F292568BD0035C064 /* camareaVC.swift in Sources */,
				F3979A8B295C89250062BB0B /* SwiftUISearchBar.swift in Sources */,
			);
			runOnlyForDeploymentPostprocessing = 0;
		};
/* End PBXSourcesBuildPhase section */

/* Begin PBXVariantGroup section */
		1E902D6129112240007254B4 /* Main.storyboard */ = {
			isa = PBXVariantGroup;
			children = (
				1E902D6229112240007254B4 /* Base */,
				F3979A8E295C9A360062BB0B /* zh-Hant */,
			);
			name = Main.storyboard;
			sourceTree = "<group>";
		};
		1E902D6629112241007254B4 /* LaunchScreen.storyboard */ = {
			isa = PBXVariantGroup;
			children = (
				1E902D6729112241007254B4 /* Base */,
				F3979A8F295C9A360062BB0B /* zh-Hant */,
			);
			name = LaunchScreen.storyboard;
			sourceTree = "<group>";
		};
/* End PBXVariantGroup section */

/* Begin XCBuildConfiguration section */
		1E902D6A29112241007254B4 /* Debug */ = {
			isa = XCBuildConfiguration;
			buildSettings = {
				ALWAYS_SEARCH_USER_PATHS = NO;
				CLANG_ANALYZER_LOCALIZABILITY_NONLOCALIZED = YES;
				CLANG_ANALYZER_NONNULL = YES;
				CLANG_ANALYZER_NUMBER_OBJECT_CONVERSION = YES_AGGRESSIVE;
				CLANG_CXX_LANGUAGE_STANDARD = "gnu++20";
				CLANG_ENABLE_MODULES = YES;
				CLANG_ENABLE_OBJC_ARC = YES;
				CLANG_ENABLE_OBJC_WEAK = YES;
				CLANG_WARN_BLOCK_CAPTURE_AUTORELEASING = YES;
				CLANG_WARN_BOOL_CONVERSION = YES;
				CLANG_WARN_COMMA = YES;
				CLANG_WARN_CONSTANT_CONVERSION = YES;
				CLANG_WARN_DEPRECATED_OBJC_IMPLEMENTATIONS = YES;
				CLANG_WARN_DIRECT_OBJC_ISA_USAGE = YES_ERROR;
				CLANG_WARN_DOCUMENTATION_COMMENTS = YES;
				CLANG_WARN_EMPTY_BODY = YES;
				CLANG_WARN_ENUM_CONVERSION = YES;
				CLANG_WARN_INFINITE_RECURSION = YES;
				CLANG_WARN_INT_CONVERSION = YES;
				CLANG_WARN_NON_LITERAL_NULL_CONVERSION = YES;
				CLANG_WARN_OBJC_IMPLICIT_RETAIN_SELF = YES;
				CLANG_WARN_OBJC_LITERAL_CONVERSION = YES;
				CLANG_WARN_OBJC_ROOT_CLASS = YES_ERROR;
				CLANG_WARN_QUOTED_INCLUDE_IN_FRAMEWORK_HEADER = YES;
				CLANG_WARN_RANGE_LOOP_ANALYSIS = YES;
				CLANG_WARN_STRICT_PROTOTYPES = YES;
				CLANG_WARN_SUSPICIOUS_MOVE = YES;
				CLANG_WARN_UNGUARDED_AVAILABILITY = YES_AGGRESSIVE;
				CLANG_WARN_UNREACHABLE_CODE = YES;
				CLANG_WARN__DUPLICATE_METHOD_MATCH = YES;
				COPY_PHASE_STRIP = NO;
				DEBUG_INFORMATION_FORMAT = dwarf;
				ENABLE_STRICT_OBJC_MSGSEND = YES;
				ENABLE_TESTABILITY = YES;
				GCC_C_LANGUAGE_STANDARD = gnu11;
				GCC_DYNAMIC_NO_PIC = NO;
				GCC_NO_COMMON_BLOCKS = YES;
				GCC_OPTIMIZATION_LEVEL = 0;
				GCC_PREPROCESSOR_DEFINITIONS = (
					"DEBUG=1",
					"$(inherited)",
				);
				GCC_WARN_64_TO_32_BIT_CONVERSION = YES;
				GCC_WARN_ABOUT_RETURN_TYPE = YES_ERROR;
				GCC_WARN_UNDECLARED_SELECTOR = YES;
				GCC_WARN_UNINITIALIZED_AUTOS = YES_AGGRESSIVE;
				GCC_WARN_UNUSED_FUNCTION = YES;
				GCC_WARN_UNUSED_VARIABLE = YES;
				IPHONEOS_DEPLOYMENT_TARGET = 16.1;
				MTL_ENABLE_DEBUG_INFO = INCLUDE_SOURCE;
				MTL_FAST_MATH = YES;
				ONLY_ACTIVE_ARCH = YES;
				SDKROOT = iphoneos;
				SWIFT_ACTIVE_COMPILATION_CONDITIONS = DEBUG;
				SWIFT_OPTIMIZATION_LEVEL = "-Onone";
			};
			name = Debug;
		};
		1E902D6B29112241007254B4 /* Release */ = {
			isa = XCBuildConfiguration;
			buildSettings = {
				ALWAYS_SEARCH_USER_PATHS = NO;
				CLANG_ANALYZER_LOCALIZABILITY_NONLOCALIZED = YES;
				CLANG_ANALYZER_NONNULL = YES;
				CLANG_ANALYZER_NUMBER_OBJECT_CONVERSION = YES_AGGRESSIVE;
				CLANG_CXX_LANGUAGE_STANDARD = "gnu++20";
				CLANG_ENABLE_MODULES = YES;
				CLANG_ENABLE_OBJC_ARC = YES;
				CLANG_ENABLE_OBJC_WEAK = YES;
				CLANG_WARN_BLOCK_CAPTURE_AUTORELEASING = YES;
				CLANG_WARN_BOOL_CONVERSION = YES;
				CLANG_WARN_COMMA = YES;
				CLANG_WARN_CONSTANT_CONVERSION = YES;
				CLANG_WARN_DEPRECATED_OBJC_IMPLEMENTATIONS = YES;
				CLANG_WARN_DIRECT_OBJC_ISA_USAGE = YES_ERROR;
				CLANG_WARN_DOCUMENTATION_COMMENTS = YES;
				CLANG_WARN_EMPTY_BODY = YES;
				CLANG_WARN_ENUM_CONVERSION = YES;
				CLANG_WARN_INFINITE_RECURSION = YES;
				CLANG_WARN_INT_CONVERSION = YES;
				CLANG_WARN_NON_LITERAL_NULL_CONVERSION = YES;
				CLANG_WARN_OBJC_IMPLICIT_RETAIN_SELF = YES;
				CLANG_WARN_OBJC_LITERAL_CONVERSION = YES;
				CLANG_WARN_OBJC_ROOT_CLASS = YES_ERROR;
				CLANG_WARN_QUOTED_INCLUDE_IN_FRAMEWORK_HEADER = YES;
				CLANG_WARN_RANGE_LOOP_ANALYSIS = YES;
				CLANG_WARN_STRICT_PROTOTYPES = YES;
				CLANG_WARN_SUSPICIOUS_MOVE = YES;
				CLANG_WARN_UNGUARDED_AVAILABILITY = YES_AGGRESSIVE;
				CLANG_WARN_UNREACHABLE_CODE = YES;
				CLANG_WARN__DUPLICATE_METHOD_MATCH = YES;
				COPY_PHASE_STRIP = NO;
				DEBUG_INFORMATION_FORMAT = "dwarf-with-dsym";
				ENABLE_NS_ASSERTIONS = NO;
				ENABLE_STRICT_OBJC_MSGSEND = YES;
				GCC_C_LANGUAGE_STANDARD = gnu11;
				GCC_NO_COMMON_BLOCKS = YES;
				GCC_WARN_64_TO_32_BIT_CONVERSION = YES;
				GCC_WARN_ABOUT_RETURN_TYPE = YES_ERROR;
				GCC_WARN_UNDECLARED_SELECTOR = YES;
				GCC_WARN_UNINITIALIZED_AUTOS = YES_AGGRESSIVE;
				GCC_WARN_UNUSED_FUNCTION = YES;
				GCC_WARN_UNUSED_VARIABLE = YES;
				IPHONEOS_DEPLOYMENT_TARGET = 16.1;
				MTL_ENABLE_DEBUG_INFO = NO;
				MTL_FAST_MATH = YES;
				SDKROOT = iphoneos;
				SWIFT_COMPILATION_MODE = wholemodule;
				SWIFT_OPTIMIZATION_LEVEL = "-O";
				VALIDATE_PRODUCT = YES;
			};
			name = Release;
		};
		1E902D6D29112241007254B4 /* Debug */ = {
			isa = XCBuildConfiguration;
			buildSettings = {
				ASSETCATALOG_COMPILER_APPICON_NAME = AppIcon;
				ASSETCATALOG_COMPILER_GLOBAL_ACCENT_COLOR_NAME = AccentColor;
				CODE_SIGN_STYLE = Automatic;
				CURRENT_PROJECT_VERSION = 1;
				GENERATE_INFOPLIST_FILE = YES;
				INFOPLIST_FILE = test/Info.plist;
				INFOPLIST_KEY_UIApplicationSupportsIndirectInputEvents = YES;
				INFOPLIST_KEY_UILaunchStoryboardName = LaunchScreen;
				INFOPLIST_KEY_UIMainStoryboardFile = Main;
				INFOPLIST_KEY_UIStatusBarStyle = "";
				INFOPLIST_KEY_UISupportedInterfaceOrientations_iPad = "UIInterfaceOrientationLandscapeLeft UIInterfaceOrientationLandscapeRight UIInterfaceOrientationPortraitUpsideDown";
				IPHONEOS_DEPLOYMENT_TARGET = 16.1;
				LD_RUNPATH_SEARCH_PATHS = (
					"$(inherited)",
					"@executable_path/Frameworks",
				);
				MARKETING_VERSION = 1.0;
				PRODUCT_BUNDLE_IDENTIFIER = com.nknu709.test;
				PRODUCT_NAME = "$(TARGET_NAME)";
				SUPPORTED_PLATFORMS = "iphoneos iphonesimulator";
				SUPPORTS_MACCATALYST = NO;
				SUPPORTS_MAC_DESIGNED_FOR_IPHONE_IPAD = NO;
				SWIFT_EMIT_LOC_STRINGS = YES;
				SWIFT_VERSION = 5.0;
				TARGETED_DEVICE_FAMILY = 2;
			};
			name = Debug;
		};
		1E902D6E29112241007254B4 /* Release */ = {
			isa = XCBuildConfiguration;
			buildSettings = {
				ASSETCATALOG_COMPILER_APPICON_NAME = AppIcon;
				ASSETCATALOG_COMPILER_GLOBAL_ACCENT_COLOR_NAME = AccentColor;
				CODE_SIGN_STYLE = Automatic;
				CURRENT_PROJECT_VERSION = 1;
				GENERATE_INFOPLIST_FILE = YES;
				INFOPLIST_FILE = test/Info.plist;
				INFOPLIST_KEY_UIApplicationSupportsIndirectInputEvents = YES;
				INFOPLIST_KEY_UILaunchStoryboardName = LaunchScreen;
				INFOPLIST_KEY_UIMainStoryboardFile = Main;
				INFOPLIST_KEY_UIStatusBarStyle = "";
				INFOPLIST_KEY_UISupportedInterfaceOrientations_iPad = "UIInterfaceOrientationLandscapeLeft UIInterfaceOrientationLandscapeRight UIInterfaceOrientationPortraitUpsideDown";
				IPHONEOS_DEPLOYMENT_TARGET = 16.1;
				LD_RUNPATH_SEARCH_PATHS = (
					"$(inherited)",
					"@executable_path/Frameworks",
				);
				MARKETING_VERSION = 1.0;
				PRODUCT_BUNDLE_IDENTIFIER = com.nknu709.test;
				PRODUCT_NAME = "$(TARGET_NAME)";
				SUPPORTED_PLATFORMS = "iphoneos iphonesimulator";
				SUPPORTS_MACCATALYST = NO;
				SUPPORTS_MAC_DESIGNED_FOR_IPHONE_IPAD = NO;
				SWIFT_EMIT_LOC_STRINGS = YES;
				SWIFT_VERSION = 5.0;
				TARGETED_DEVICE_FAMILY = 2;
			};
			name = Release;
		};
/* End XCBuildConfiguration section */

/* Begin XCConfigurationList section */
		1E902D5329112240007254B4 /* Build configuration list for PBXProject "test" */ = {
			isa = XCConfigurationList;
			buildConfigurations = (
				1E902D6A29112241007254B4 /* Debug */,
				1E902D6B29112241007254B4 /* Release */,
			);
			defaultConfigurationIsVisible = 0;
			defaultConfigurationName = Release;
		};
		1E902D6C29112241007254B4 /* Build configuration list for PBXNativeTarget "test" */ = {
			isa = XCConfigurationList;
			buildConfigurations = (
				1E902D6D29112241007254B4 /* Debug */,
				1E902D6E29112241007254B4 /* Release */,
			);
			defaultConfigurationIsVisible = 0;
			defaultConfigurationName = Release;
		};
/* End XCConfigurationList section */
	};
	rootObject = 1E902D5029112240007254B4 /* Project object */;
}
